
Microsoft Visual Studio Solution File, Format Version 12.00
# Visual Studio Version 17
VisualStudioVersion = 17.6.33513.286
MinimumVisualStudioVersion = 10.0.40219.1
Project("{FAE04EC0-301F-11D3-BF4B-00C04F79EFBC}") = "ExceptionTester", "ExceptionTester\ExceptionTester.csproj", "{7C512D76-1EBC-46E9-934E-FE8F87248BD5}"
EndProject
Global
	GlobalSection(SolutionConfigurationPlatforms) = preSolution
		Debug|Any CPU = Debug|Any CPU
		Release|Any CPU = Release|Any CPU
	EndGlobalSection
	GlobalSection(ProjectConfigurationPlatforms) = postSolution
		{7C512D76-1EBC-46E9-934E-FE8F87248BD5}.Debug|Any CPU.ActiveCfg = Debug|Any CPU
		{7C512D76-1EBC-46E9-934E-FE8F87248BD5}.Debug|Any CPU.Build.0 = Debug|Any CPU
		{7C512D76-1EBC-46E9-934E-FE8F87248BD5}.Release|Any CPU.ActiveCfg = Release|Any CPU
		{7C512D76-1EBC-46E9-934E-FE8F87248BD5}.Release|Any CPU.Build.0 = Release|Any CPU
	EndGlobalSection
	GlobalSection(SolutionProperties) = preSolution
		HideSolutionNode = FALSE
	EndGlobalSection
	GlobalSection(ExtensibilityGlobals) = postSolution
		SolutionGuid = {B4AD5E2C-F534-4E75-8FB3-796A46F3A096}
	EndGlobalSection
EndGlobal
